Microsoft Visual Studio Solution File, Format Version 12.00
# Visual Studio 14
VisualStudioVersion = 14.0.25123.0
MinimumVisualStudioVersion = 10.0.40219.1
Project("{8BC9CEB8-8B4A-11D0-8D11-00A0C91BC942}") = "convert", "convert.vcxproj", "{2853D82A-E1D9-31EF-A0F8-D7E06E05836E}"
	ProjectSection(ProjectDependencies) = postProject
		{2A063445-B3A4-33B5-950C-AC03DB6DFD95} = {2A063445-B3A4-33B5-950C-AC03DB6DFD95}
	EndProjectSection
EndProject
Project("{8BC9CEB8-8B4A-11D0-8D11-00A0C91BC942}") = "yuv", "yuv.vcxproj", "{2A063445-B3A4-33B5-950C-AC03DB6DFD95}"
EndProject
Project("{2150E333-8FDC-42A3-9474-1A3956D46DE8}") = "Solution Items", "Solution Items", "{A1BCBD25-8EF7-456D-BB2D-40B366A44445}"
	ProjectSection(SolutionItems) = preProject
		LIBYUV.autopkg = LIBYUV.autopkg
	EndProjectSection
EndProject
Global
	GlobalSection(SolutionConfigurationPlatforms) = preSolution
		Debug|Win32 = Debug|Win32
		Debug|x64 = Debug|x64
		DebugStatic|Win32 = DebugStatic|Win32
		DebugStatic|x64 = DebugStatic|x64
		Release|Win32 = Release|Win32
		Release|x64 = Release|x64
		ReleaseStatic|Win32 = ReleaseStatic|Win32
		ReleaseStatic|x64 = ReleaseStatic|x64
	EndGlobalSection
	GlobalSection(ProjectConfigurationPlatforms) = postSolution
		{2853D82A-E1D9-31EF-A0F8-D7E06E05836E}.Debug|Win32.ActiveCfg = DebugDynamic|Win32
		{2853D82A-E1D9-31EF-A0F8-D7E06E05836E}.Debug|Win32.Build.0 = DebugDynamic|Win32
		{2853D82A-E1D9-31EF-A0F8-D7E06E05836E}.Debug|x64.ActiveCfg = DebugDynamic|x64
		{2853D82A-E1D9-31EF-A0F8-D7E06E05836E}.Debug|x64.Build.0 = DebugDynamic|x64
		{2853D82A-E1D9-31EF-A0F8-D7E06E05836E}.DebugStatic|Win32.ActiveCfg = DebugDynamic|Win32
		{2853D82A-E1D9-31EF-A0F8-D7E06E05836E}.DebugStatic|x64.ActiveCfg = DebugDynamic|x64
		{2853D82A-E1D9-31EF-A0F8-D7E06E05836E}.Release|Win32.ActiveCfg = ReleaseDynamic|Win32
		{2853D82A-E1D9-31EF-A0F8-D7E06E05836E}.Release|Win32.Build.0 = ReleaseDynamic|Win32
		{2853D82A-E1D9-31EF-A0F8-D7E06E05836E}.Release|x64.ActiveCfg = ReleaseDynamic|x64
		{2853D82A-E1D9-31EF-A0F8-D7E06E05836E}.Release|x64.Build.0 = ReleaseDynamic|x64
		{2853D82A-E1D9-31EF-A0F8-D7E06E05836E}.ReleaseStatic|Win32.ActiveCfg = ReleaseDynamic|Win32
		{2853D82A-E1D9-31EF-A0F8-D7E06E05836E}.ReleaseStatic|x64.ActiveCfg = ReleaseDynamic|x64
		{2A063445-B3A4-33B5-950C-AC03DB6DFD95}.Debug|Win32.ActiveCfg = DebugDynamic|Win32
		{2A063445-B3A4-33B5-950C-AC03DB6DFD95}.Debug|Win32.Build.0 = DebugDynamic|Win32
		{2A063445-B3A4-33B5-950C-AC03DB6DFD95}.Debug|x64.ActiveCfg = DebugDynamic|x64
		{2A063445-B3A4-33B5-950C-AC03DB6DFD95}.Debug|x64.Build.0 = DebugDynamic|x64
		{2A063445-B3A4-33B5-950C-AC03DB6DFD95}.DebugStatic|Win32.ActiveCfg = DebugStatic|Win32
		{2A063445-B3A4-33B5-950C-AC03DB6DFD95}.DebugStatic|Win32.Build.0 = DebugStatic|Win32
		{2A063445-B3A4-33B5-950C-AC03DB6DFD95}.DebugStatic|x64.ActiveCfg = DebugStatic|x64
		{2A063445-B3A4-33B5-950C-AC03DB6DFD95}.DebugStatic|x64.Build.0 = DebugStatic|x64
		{2A063445-B3A4-33B5-950C-AC03DB6DFD95}.Release|Win32.ActiveCfg = ReleaseDynamic|Win32
		{2A063445-B3A4-33B5-950C-AC03DB6DFD95}.Release|Win32.Build.0 = ReleaseDynamic|Win32
		{2A063445-B3A4-33B5-950C-AC03DB6DFD95}.Release|x64.ActiveCfg = ReleaseDynamic|x64
		{2A063445-B3A4-33B5-950C-AC03DB6DFD95}.Release|x64.Build.0 = ReleaseDynamic|x64
		{2A063445-B3A4-33B5-950C-AC03DB6DFD95}.ReleaseStatic|Win32.ActiveCfg = ReleaseStatic|Win32
		{2A063445-B3A4-33B5-950C-AC03DB6DFD95}.ReleaseStatic|Win32.Build.0 = ReleaseStatic|Win32
		{2A063445-B3A4-33B5-950C-AC03DB6DFD95}.ReleaseStatic|x64.ActiveCfg = ReleaseStatic|x64
		{2A063445-B3A4-33B5-950C-AC03DB6DFD95}.ReleaseStatic|x64.Build.0 = ReleaseStatic|x64
	EndGlobalSection
	GlobalSection(SolutionProperties) = preSolution
		HideSolutionNode = FALSE
	EndGlobalSection
EndGlobal
